
Microsoft Visual Studio Solution File, Format Version 12.00
# Visual Studio Version 16
VisualStudioVersion = 16.0.30011.22
MinimumVisualStudioVersion = 10.0.40219.1
Project("{FAE04EC0-301F-11D3-BF4B-00C04F79EFBC}") = "ProjetoAtleta", "ProjetoAtleta.csproj", "{8411E03D-D405-43DF-BEFB-34C657749942}"
EndProject
Global
	GlobalSection(SolutionConfigurationPlatforms) = preSolution
		Debug|Any CPU = Debug|Any CPU
		Release|Any CPU = Release|Any CPU
	EndGlobalSection
	GlobalSection(ProjectConfigurationPlatforms) = postSolution
		{8411E03D-D405-43DF-BEFB-34C657749942}.Debug|Any CPU.ActiveCfg = Debug|Any CPU
		{8411E03D-D405-43DF-BEFB-34C657749942}.Debug|Any CPU.Build.0 = Debug|Any CPU
		{8411E03D-D405-43DF-BEFB-34C657749942}.Release|Any CPU.ActiveCfg = Release|Any CPU
		{8411E03D-D405-43DF-BEFB-34C657749942}.Release|Any CPU.Build.0 = Release|Any CPU
	EndGlobalSection
	GlobalSection(SolutionProperties) = preSolution
		HideSolutionNode = FALSE
	EndGlobalSection
	GlobalSection(ExtensibilityGlobals) = postSolution
		SolutionGuid = {DEF2E293-E51D-4ACF-9C18-B932FE661DF7}
	EndGlobalSection
EndGlobal
